
Microsoft Visual Studio Solution File, Format Version 12.00
# Visual Studio Version 17
VisualStudioVersion = 17.0.32112.339
MinimumVisualStudioVersion = 10.0.40219.1
Project("{FAE04EC0-301F-11D3-BF4B-00C04F79EFBC}") = "SudokuApp.Model", "Sudoku.Model\SudokuApp.Model.csproj", "{A9E21E1B-3308-425E-A4D2-85DD9F62F121}"
EndProject
Project("{FAE04EC0-301F-11D3-BF4B-00C04F79EFBC}") = "SudokuApp.UnitTests.NUnit", "SudokuApp.UnitTests.NUnit\SudokuApp.UnitTests.NUnit.csproj", "{9B182BAD-DB36-4E0F-A17F-898A8E218CAD}"
EndProject
Global
	GlobalSection(SolutionConfigurationPlatforms) = preSolution
		Debug|Any CPU = Debug|Any CPU
		Release|Any CPU = Release|Any CPU
	EndGlobalSection
	GlobalSection(ProjectConfigurationPlatforms) = postSolution
		{A9E21E1B-3308-425E-A4D2-85DD9F62F121}.Debug|Any CPU.ActiveCfg = Debug|Any CPU
		{A9E21E1B-3308-425E-A4D2-85DD9F62F121}.Debug|Any CPU.Build.0 = Debug|Any CPU
		{A9E21E1B-3308-425E-A4D2-85DD9F62F121}.Release|Any CPU.ActiveCfg = Release|Any CPU
		{A9E21E1B-3308-425E-A4D2-85DD9F62F121}.Release|Any CPU.Build.0 = Release|Any CPU
		{9B182BAD-DB36-4E0F-A17F-898A8E218CAD}.Debug|Any CPU.ActiveCfg = Debug|Any CPU
		{9B182BAD-DB36-4E0F-A17F-898A8E218CAD}.Debug|Any CPU.Build.0 = Debug|Any CPU
		{9B182BAD-DB36-4E0F-A17F-898A8E218CAD}.Release|Any CPU.ActiveCfg = Release|Any CPU
		{9B182BAD-DB36-4E0F-A17F-898A8E218CAD}.Release|Any CPU.Build.0 = Release|Any CPU
	EndGlobalSection
	GlobalSection(SolutionProperties) = preSolution
		HideSolutionNode = FALSE
	EndGlobalSection
	GlobalSection(ExtensibilityGlobals) = postSolution
		SolutionGuid = {63389D5A-1009-4FA2-A426-E2B5D2D7DD0A}
	EndGlobalSection
EndGlobal
